
Microsoft Visual Studio Solution File, Format Version 12.00
# Visual Studio Version 16
VisualStudioVersion = 16.0.31729.503
MinimumVisualStudioVersion = 10.0.40219.1
Project("{FAE04EC0-301F-11D3-BF4B-00C04F79EFBC}") = "SalesWithLinq", "SalesWithLinq.csproj", "{11BF26B0-B566-42D9-895E-9AC8056C38A0}"
EndProject
Global
	GlobalSection(SolutionConfigurationPlatforms) = preSolution
		Debug|Any CPU = Debug|Any CPU
		Release|Any CPU = Release|Any CPU
	EndGlobalSection
	GlobalSection(ProjectConfigurationPlatforms) = postSolution
		{11BF26B0-B566-42D9-895E-9AC8056C38A0}.Debug|Any CPU.ActiveCfg = Debug|Any CPU
		{11BF26B0-B566-42D9-895E-9AC8056C38A0}.Debug|Any CPU.Build.0 = Debug|Any CPU
		{11BF26B0-B566-42D9-895E-9AC8056C38A0}.Release|Any CPU.ActiveCfg = Release|Any CPU
		{11BF26B0-B566-42D9-895E-9AC8056C38A0}.Release|Any CPU.Build.0 = Release|Any CPU
	EndGlobalSection
	GlobalSection(SolutionProperties) = preSolution
		HideSolutionNode = FALSE
	EndGlobalSection
	GlobalSection(ExtensibilityGlobals) = postSolution
		SolutionGuid = {A054EEC2-9205-4B3F-BB0A-3D3119135DC6}
	EndGlobalSection
EndGlobal
